cloud.google.com/go v0.26.0/go.mod h1:aQUYkXzVsufM+DwF1aE+0xfcU+56JwCaLick0ClmMTw=
github.com/bwmarrin/discordgo v0.19.0 h1:kMED/DB0NR1QhRcalb85w0Cu3Ep2OrGAqZH1R5awQiY=
github.com/bwmarrin/discordgo v0.19.0/go.mod h1:O9S4p+ofTFwB02em7jkpkV8M3R0/PUVOwN61zSZ0r4Q=
github.com/client9/misspell v0.3.4/go.mod h1:qj6jICC3Q7zFZvVWo7KLAzC3yx5G7kyvSDkc90ppPyw=
github.com/go-sql-driver/mysql v1.4.1 h1:g24URVg0OFbNUTx9qqY1IRZ9D9z3iPyi5zKhQZpNwpA=
github.com/go-sql-driver/mysql v1.4.1/go.mod h1:zAC/RDZ24gD3HViQzih4MyKcchzm+sOG5ZlKdlhCg5w=
github.com/go-telegram-bot-api/telegram-bot-api v4.6.4+incompatible h1:2cauKuaELYAEARXRkq2LrJ0yDDv1rW7+wrTEdVL3uaU=
github.com/go-telegram-bot-api/telegram-bot-api v4.6.4+incompatible/go.mod h1:qf9acutJ8cwBUhm1bqgz6Bei9/C/c93FPDljKWwsOgM=
github.com/golang/glog v0.0.0-20160126235308-23def4e6c14b/go.mod h1:SBH7ygxi8pfUlaOkMMuAQtPIUF8ecWP5IEl/CR7VP2Q=
github.com/golang/mock v1.1.1/go.mod h1:oTYuIxOrZwtPieC+H1uAHpcLFnEyAGVDL/k47Jfbm0A=
github.com/golang/protobuf v1.2.0 h1:P3YflyNX/ehuJFLhxviNdFxQPkGK5cDcApsge1SqnvM=
github.com/golang/protobuf v1.2.0/go.mod h1:6lQm79b+lXiMfvg/cZm0SGofjICqVBUtrP5yJMmIC1U=
github.com/gonum/blas v0.0.0-20181208220705-f22b278b28ac h1:Q0Jsdxl5jbxouNs1TQYt0gxesYMU4VXRbsTlgDloZ50=
github.com/gonum/blas v0.0.0-20181208220705-f22b278b28ac/go.mod h1:P32wAyui1PQ58Oce/KYkOqQv8cVw1zAapXOl+dRFGbc=
github.com/gonum/internal v0.0.0-20181124074243-f884aa714029 h1:8jtTdc+Nfj9AR+0soOeia9UZSvYBvETVHZrugUowJ7M=
github.com/gonum/internal v0.0.0-20181124074243-f884aa714029/go.mod h1:Pu4dmpkhSyOzRwuXkOgAvijx4o+4YMUJJo9OvPYMkks=
github.com/gorilla/websocket v1.4.0 h1:WDFjx/TMzVgy9VdMMQi2K2Emtwi2QcUQsztZ/zLaH/Q=
github.com/gorilla/websocket v1.4.0/go.mod h1:E7qHFY5m1UJ88s3WnNqhKjPHQ0heANvMoAMk2YaljkQ=
github.com/jinzhu/gorm v1.9.2 h1:lCvgEaqe/HVE+tjAR2mt4HbbHAZsQOv3XAZiEZV37iw=
github.com/jinzhu/gorm v1.9.2/go.mod h1:Vla75njaFJ8clLU1W44h34PjIkijhjHIYnZxMqCdxqo=
github.com/jinzhu/inflection v0.0.0-20180308033659-04140366298a h1:eeaG9XMUvRBYXJi4pg1ZKM7nxc5AfXfojeLLW7O5J3k=
github.com/jinzhu/inflection v0.0.0-20180308033659-04140366298a/go.mod h1:h+uFLlag+Qp1Va5pdKtLDYj+kHp5pxUVkryuEj+Srlc=
github.com/kisielk/gotool v1.0.0/go.mod h1:XhKaO+MFFWcvkIS/tQcRk01m1F5IRFswLeQ+oQHNcck=
github.com/mattn/go-sqlite3 v1.10.0 h1:jbhqpg7tQe4SupckyijYiy0mJJ/pRyHvXf7JdWK860o=
github.com/mattn/go-sqlite3 v1.10.0/go.mod h1:FPy6KqzDD04eiIsT53CuJW3U88zkxoIYsOqkbpncsNc=
github.com/mb-14/gomarkov v0.0.0-20190125094512-044dd0dcb5e7 h1:VsJjhYhufMGXICLwLYr8mFVMp8/A+YqmagMHnG/BA/4=
github.com/mb-14/gomarkov v0.0.0-20190125094512-044dd0dcb5e7/go.mod h1:zQmHoMvvVJb7cxyt1wGT77lqUaeOFXlogOppOr4uHVo=
github.com/op/go-logging v0.0.0-20160315200505-970db520ece7 h1:lDH9UUVJtmYCjyT0CI4q8xvlXPxeZ0gYCVvWbmPlp88=
github.com/op/go-logging v0.0.0-20160315200505-970db520ece7/go.mod h1:HzydrMdWErDVzsI23lYNej1Htcns9BCg93Dk0bBINWk=
github.com/pkg/errors v0.8.0/go.mod h1:bwawxfHBFNV+L2hUp1rHADufV3IMtnDRdf1r5NINEl0=
github.com/pkg/errors v0.8.1 h1:iURUrRGxPUNPdy5/HRSm+Yj6okJ6UtLINN0Q9M4+h3I=
github.com/pkg/errors v0.8.1/go.mod h1:bwawxfHBFNV+L2hUp1rHADufV3IMtnDRdf1r5NINEl0=
github.com/technoweenie/multipartstreamer v1.0.1 h1:XRztA5MXiR1TIRHxH2uNxXxaIkKQDeX7m2XsSOlQEnM=
github.com/technoweenie/multipartstreamer v1.0.1/go.mod h1:jNVxdtShOxzAsukZwTSw6MDx5eUJoiEBsSvzDU9uzog=
github.com/tensorflow/tensorflow v1.12.0 h1:fT4okrN4BkpgotWmDwS56wM6BdkRpTL0lLMzvkM+bLo=
github.com/tensorflow/tensorflow v1.12.0/go.mod h1:itOSERT4trABok4UOoG+X4BoKds9F3rIsySdn+Lvu90=
github.com/unixpickle/anydiff v0.0.0-20170906235721-55bea27bf48b h1:U+9s+xufqLStUmodapAc3zkC8El0M/7FOAzObA0Db7w=
github.com/unixpickle/anydiff v0.0.0-20170906235721-55bea27bf48b/go.mod h1:QFdVhTS3Qk4K5mHQ/L6feQLWvDKm5PWaZi/O9+JqBM0=
github.com/unixpickle/anynet v0.0.0-20170909172929-016782221a5a h1:FTMbCFEYoPoXHISWI/GOAI0zEffN6I6pjw2DBtQIoHM=
github.com/unixpickle/anynet v0.0.0-20170909172929-016782221a5a/go.mod h1:NJxKE749HJTJfiRLktBTeAQ9xGnjxyXUp49Td0dyxEg=
github.com/unixpickle/anyvec v0.0.0-20170908190750-59aa66ba0472 h1:eVBSKiY98Zth6cEYVzeu0CYagakYqbSWgpWqjZFiUvI=
github.com/unixpickle/anyvec v0.0.0-20170908190750-59aa66ba0472/go.mod h1:J8/OP49JgyTHn5uKE07cefW2JuFtEdp2qJkdSTIYlxc=
github.com/unixpickle/convmarkup v0.0.0-20170705190821-b64776b481fb h1:pReOG3kc0bFWruMQQWWZQxLBD3eo5cSUMrWdn5wTO04=
github.com/unixpickle/convmarkup v0.0.0-20170705190821-b64776b481fb/go.mod h1:1meQBlh7xAg5qQeOo9cBZjzL53xiilGEr5GlBFt3Jr4=
github.com/unixpickle/essentials v0.0.0-20180916162721-ae02bc395f1d h1:mRwAxGRBEFcoKSWDoX5CROMJo6xmXBh4rNqOmyhpRi0=
github.com/unixpickle/essentials v0.0.0-20180916162721-ae02bc395f1d/go.mod h1:lrJ3sPtA3BLwJeUSU3/Fh4E3eK+HMap+5XEwEKc2Tb8=
github.com/unixpickle/lazyseq v0.0.0-20170908170110-dacb3642d9be h1:QJ8+bROiIMTWmN0sD7QIIz96VywRUzlFobV731QPiFc=
github.com/unixpickle/lazyseq v0.0.0-20170908170110-dacb3642d9be/go.mod h1:/8lrfSYFUiBflBQiXeRXb6UTw5keQwZERNmpkH+iu4M=
github.com/unixpickle/serializer v0.0.0-20170723202158-c6c092dc55bb h1:kdurEYFZ2P58xnfWtmxKWkVtFPyK80BMIaJ2zW5uskY=
github.com/unixpickle/serializer v0.0.0-20170723202158-c6c092dc55bb/go.mod h1:qhvhyFrwgTvmd19zCKjQTh8z7Doo5/nkt8EkDbR3pfQ=
github.com/wallnutkraken/char-rnn v0.0.0-20180416032028-c2cce0c0a1a7 h1:KeRCvVh8IFNy1d6KtYLF3N4ynNFuJrZRNBox/c5qiuE=
github.com/wallnutkraken/char-rnn v0.0.0-20180416032028-c2cce0c0a1a7/go.mod h1:iFR/bQvFbb2BZJzlFX278NYfcdO/3GCHq2lSFq+cKLo=
golang.org/x/crypto v0.0.0-20181030102418-4d3f4d9ffa16 h1:y6ce7gCWtnH+m3dCjzQ1PCuwl28DDIc3VNnvY29DlIA=
golang.org/x/crypto v0.0.0-20181030102418-4d3f4d9ffa16/go.mod h1:6SG95UA2DQfeDnfUPMdvaQW0Q7yPrPDi9nlGo2tz2b4=
golang.org/x/lint v0.0.0-20181026193005-c67002cb31c3/go.mod h1:UVdnD1Gm6xHRNCYTkRU2/jEulfH38KcIWyp/GAMgvoE=
golang.org/x/net v0.0.0-20180826012351-8a410e7b638d h1:g9qWBGx4puODJTMVyoPrpoxPFgVGd+z1DZwjfRu4d0I=
golang.org/x/net v0.0.0-20180826012351-8a410e7b638d/go.mod h1:mL1N/T3taQHkDXs73rZJwtUhF3w3ftmwwsq0BUmARs4=
golang.org/x/oauth2 v0.0.0-20180821212333-d2e6202438be/go.mod h1:N/0e6XlmueqKjAGxoOufVs8QHGRruUQn6yWY3a++T0U=
golang.org/x/sync v0.0.0-20180314180146-1d60e4601c6f/go.mod h1:RxMgew5VJxzue5/jJTE5uejpjVlOe/izrB70Jof72aM=
golang.org/x/sys v0.0.0-20180830151530-49385e6e1522 h1:Ve1ORMCxvRmSXBwJK+t3Oy+V2vRW2OetUQBq4rJIkZE=
golang.org/x/sys v0.0.0-20180830151530-49385e6e1522/go.mod h1:STP8DvDyc/dI5b8T5hshtkjS+E42TnysNCUPdjciGhY=
golang.org/x/text v0.3.0 h1:g61tztE5qeGQ89tm6NTjjM9VPIm088od1l6aSorWRWg=
golang.org/x/text v0.3.0/go.mod h1:NqM8EUOU14njkJ3fqMW+pc6Ldnwhi/IjpwHt7yyuwOQ=
golang.org/x/tools v0.0.0-20180828015842-6cd1fcedba52/go.mod h1:n7NCudcB/nEzxVGmLbDWY5pfWTLqBcC2KZ6jyYvM4mQ=
google.golang.org/appengine v1.1.0/go.mod h1:EbEs0AVv82hx2wNQdGPgUI5lhzA/G0D9YwlJXL52JkM=
google.golang.org/genproto v0.0.0-20180817151627-c66870c02cf8 h1:Nw54tB0rB7hY/N0NQvRW8DG4Yk3Q6T9cu9RcFQDu1tc=
google.golang.org/genproto v0.0.0-20180817151627-c66870c02cf8/go.mod h1:JiN7NxoALGmiZfu7CAH4rXhgtRTLTxftemlI0sWmxmc=
google.golang.org/grpc v1.18.0 h1:IZl7mfBGfbhYx2p2rKRtYgDFw6SBz+kclmxYrCksPPA=
google.golang.org/grpc v1.18.0/go.mod h1:6QZJwpn2B+Zp71q/5VxRsJ6NXXVCE5NRUHRo+f3cWCs=
honnef.co/go/tools v0.0.0-20180728063816-88497007e858/go.mod h1:rf3lG4BRIbNafJWhAfAdb/ePZxsR/4RtNHQocxwk9r4=
